# This file is automatically @generated by Cargo.
# It is not intended for manual editing.
version = 4

[[package]]
name = "const_panic"
version = "0.2.15"
source = "registry+https://github.com/rust-lang/crates.io-index"
checksum = "e262cdaac42494e3ae34c43969f9cdeb7da178bdb4b66fa6a1ea2edb4c8ae652"
dependencies = [
 "typewit",
]

[[package]]
name = "effect-row-macros"
version = "0.0.0"
dependencies = [
 "proc-macro2",
 "quote",
 "syn",
]

[[package]]
name = "frunk_core"
version = "0.4.4"
source = "registry+https://github.com/rust-lang/crates.io-index"
checksum = "476eeaa382e3462b84da5d6ba3da97b5786823c2d0d3a0d04ef088d073da225c"
dependencies = [
 "serde",
]

[[package]]
name = "poc-effect-row"
version = "0.0.0"
dependencies = [
 "effect-row-macros",
 "frunk_core",
 "static_assertions",
 "tstr",
]

[[package]]
name = "proc-macro2"
version = "1.0.106"
source = "registry+https://github.com/rust-lang/crates.io-index"
checksum = "8fd00f0bb2e90d81d1044c2b32617f68fcb9fa3bb7640c23e9c748e53fb30934"
dependencies = [
 "unicode-ident",
]

[[package]]
name = "quote"
version = "1.0.45"
source = "registry+https://github.com/rust-lang/crates.io-index"
checksum = "41f2619966050689382d2b44f664f4bc593e129785a36d6ee376ddf37259b924"
dependencies = [
 "proc-macro2",
]

[[package]]
name = "serde"
version = "1.0.228"
source = "registry+https://github.com/rust-lang/crates.io-index"
checksum = "9a8e94ea7f378bd32cbbd37198a4a91436180c5bb472411e48b5ec2e2124ae9e"
dependencies = [
 "serde_core",
 "serde_derive",
]

[[package]]
name = "serde_core"
version = "1.0.228"
source = "registry+https://github.com/rust-lang/crates.io-index"
checksum = "41d385c7d4ca58e59fc732af25c3983b67ac852c1a25000afe1175de458b67ad"
dependencies = [
 "serde_derive",
]

[[package]]
name = "serde_derive"
version = "1.0.228"
source = "registry+https://github.com/rust-lang/crates.io-index"
checksum = "d540f220d3187173da220f885ab66608367b6574e925011a9353e4badda91d79"
dependencies = [
 "proc-macro2",
 "quote",
 "syn",
]

[[package]]
name = "static_assertions"
version = "1.1.0"
source = "registry+https://github.com/rust-lang/crates.io-index"
checksum = "a2eb9349b6444b326872e140eb1cf5e7c522154d69e7a0ffb0fb81c06b37543f"

[[package]]
name = "syn"
version = "2.0.117"
source = "registry+https://github.com/rust-lang/crates.io-index"
checksum = "e665b8803e7b1d2a727f4023456bbbbe74da67099c585258af0ad9c5013b9b99"
dependencies = [
 "proc-macro2",
 "quote",
 "unicode-ident",
]

[[package]]
name = "tstr"
version = "0.3.2"
source = "registry+https://github.com/rust-lang/crates.io-index"
checksum = "2d6a4932e348ddda2b0cc6384a3b4e3bca9b94a8a9631f53d0115607d6f2f5b2"
dependencies = [
 "const_panic",
 "tstr_proc_macros",
 "typewit",
]

[[package]]
name = "tstr_proc_macros"
version = "0.3.0"
source = "registry+https://github.com/rust-lang/crates.io-index"
checksum = "2fad459dea5bb7c36d66edfa9a7062518af055bbe7288da10fb53f26f46e7d7b"

[[package]]
name = "typewit"
version = "1.15.2"
source = "registry+https://github.com/rust-lang/crates.io-index"
checksum = "214ca0b2191785cbc06209b9ca1861e048e39b5ba33574b3cedd58363d5bb5f6"

[[package]]
name = "unicode-ident"
version = "1.0.24"
source = "registry+https://github.com/rust-lang/crates.io-index"
checksum = "e6e4313cd5fcd3dad5cafa179702e2b244f760991f45397d14d4ebf38247da75"
